PODS:
  - AFNetworking (3.2.1):
    - AFNetworking/NSURLSession (= 3.2.1)
    - AFNetworking/Reachability (= 3.2.1)
    - AFNetworking/Security (= 3.2.1)
    - AFNetworking/Serialization (= 3.2.1)
    - AFNetworking/UIKit (= 3.2.1)
  - AFNetworking/NSURLSession (3.2.1):
    - AFNetworking/Reachability
    - AFNetworking/Security
    - AFNetworking/Serialization
  - AFNetworking/Reachability (3.2.1)
  - AFNetworking/Security (3.2.1)
  - AFNetworking/Serialization (3.2.1)
  - AFNetworking/UIKit (3.2.1):
    - AFNetworking/NSURLSession
  - Canvas (0.1.2)
  - DZNEmptyDataSet (1.8.1)
  - FLAnimatedImage (1.0.12)
  - IQKeyboardManager (6.2.1)
  - libOpenInstallSDK (2.2.1.1)
  - Masonry (1.1.0)
  - MBProgressHUD (1.1.0)
  - MJExtension (3.0.16)
  - MJRefresh (3.1.16)
  - PYSearch (0.9.1)
  - Reachability (3.2)
  - SDCycleScrollView (1.75):
    - SDWebImage (>= 4.0.0)
  - SDWebImage (4.4.6):
    - SDWebImage/Core (= 4.4.6)
  - SDWebImage/Core (4.4.6)
  - SJBaseVideoPlayer (2.4.4):
    - Masonry
    - Reachability
    - SJBaseVideoPlayer/Header (= 2.4.4)
    - SJBaseVideoPlayer/Model (= 2.4.4)
    - SJBaseVideoPlayer/SJAVMediaPlaybackController (= 2.4.4)
    - SJBaseVideoPlayer/SJDeviceVolumeAndBrightnessManager (= 2.4.4)
    - SJBaseVideoPlayer/SJPrompt (= 2.4.4)
    - SJBaseVideoPlayer/SJRotationManager (= 2.4.4)
    - SJBaseVideoPlayer/Tool (= 2.4.4)
    - SJUIKit/ObserverHelper (>= 0.0.0.23)
    - SJUIKit/Queues (>= 0.0.0.23)
  - SJBaseVideoPlayer/Header (2.4.4):
    - Masonry
    - Reachability
    - SJUIKit/ObserverHelper (>= 0.0.0.23)
    - SJUIKit/Queues (>= 0.0.0.23)
  - SJBaseVideoPlayer/Model (2.4.4):
    - Masonry
    - Reachability
    - SJBaseVideoPlayer/Header
    - SJUIKit/ObserverHelper (>= 0.0.0.23)
    - SJUIKit/Queues (>= 0.0.0.23)
  - SJBaseVideoPlayer/SJAVMediaPlaybackController (2.4.4):
    - Masonry
    - Reachability
    - SJBaseVideoPlayer/SJAVMediaPlaybackController/Core (= 2.4.4)
    - SJBaseVideoPlayer/Tool
    - SJUIKit/ObserverHelper (>= 0.0.0.23)
    - SJUIKit/Queues (>= 0.0.0.23)
  - SJBaseVideoPlayer/SJAVMediaPlaybackController/Core (2.4.4):
    - Masonry
    - Reachability
    - SJBaseVideoPlayer/Tool
    - SJUIKit/ObserverHelper (>= 0.0.0.23)
    - SJUIKit/Queues (>= 0.0.0.23)
  - SJBaseVideoPlayer/SJDeviceVolumeAndBrightnessManager (2.4.4):
    - Masonry
    - Reachability
    - SJBaseVideoPlayer/Header
    - SJBaseVideoPlayer/SJDeviceVolumeAndBrightnessManager/Core (= 2.4.4)
    - SJBaseVideoPlayer/SJDeviceVolumeAndBrightnessManager/ResourceLoader (= 2.4.4)
    - SJUIKit/ObserverHelper (>= 0.0.0.23)
    - SJUIKit/Queues (>= 0.0.0.23)
  - SJBaseVideoPlayer/SJDeviceVolumeAndBrightnessManager/Core (2.4.4):
    - Masonry
    - Reachability
    - SJBaseVideoPlayer/Header
    - SJBaseVideoPlayer/SJDeviceVolumeAndBrightnessManager/ResourceLoader
    - SJUIKit/ObserverHelper (>= 0.0.0.23)
    - SJUIKit/Queues (>= 0.0.0.23)
  - SJBaseVideoPlayer/SJDeviceVolumeAndBrightnessManager/ResourceLoader (2.4.4):
    - Masonry
    - Reachability
    - SJBaseVideoPlayer/Header
    - SJUIKit/ObserverHelper (>= 0.0.0.23)
    - SJUIKit/Queues (>= 0.0.0.23)
  - SJBaseVideoPlayer/SJPrompt (2.4.4):
    - Masonry
    - Reachability
    - SJUIKit/ObserverHelper (>= 0.0.0.23)
    - SJUIKit/Queues (>= 0.0.0.23)
  - SJBaseVideoPlayer/SJRotationManager (2.4.4):
    - Masonry
    - Reachability
    - SJBaseVideoPlayer/Header
    - SJUIKit/ObserverHelper (>= 0.0.0.23)
    - SJUIKit/Queues (>= 0.0.0.23)
  - SJBaseVideoPlayer/Tool (2.4.4):
    - Masonry
    - Reachability
    - SJBaseVideoPlayer/Header
    - SJBaseVideoPlayer/Model
    - SJUIKit/ObserverHelper (>= 0.0.0.23)
    - SJUIKit/Queues (>= 0.0.0.23)
  - SJUIKit (0.0.0.29):
    - SJUIKit/AsyncLoad (= 0.0.0.29)
    - SJUIKit/AttributesFactory (= 0.0.0.29)
    - SJUIKit/Base (= 0.0.0.29)
    - SJUIKit/CornerMask (= 0.0.0.29)
    - SJUIKit/Date (= 0.0.0.29)
    - SJUIKit/ObserverHelper (= 0.0.0.29)
    - SJUIKit/Other (= 0.0.0.29)
    - SJUIKit/Queues (= 0.0.0.29)
    - SJUIKit/Refresh (= 0.0.0.29)
    - SJUIKit/Thread (= 0.0.0.29)
    - SJUIKit/UIMaker (= 0.0.0.29)
  - SJUIKit/AsyncLoad (0.0.0.29):
    - SJUIKit/CornerMask
  - SJUIKit/AttributesFactory (0.0.0.29):
    - SJUIKit/AttributesFactory/Deprecated (= 0.0.0.29)
    - SJUIKit/AttributesFactory/UIKitText (= 0.0.0.29)
  - SJUIKit/AttributesFactory/Deprecated (0.0.0.29)
  - SJUIKit/AttributesFactory/UIKitText (0.0.0.29)
  - SJUIKit/Base (0.0.0.29):
    - SJUIKit/Base/Core (= 0.0.0.29)
    - SJUIKit/ObserverHelper
  - SJUIKit/Base/Core (0.0.0.29):
    - SJUIKit/ObserverHelper
  - SJUIKit/CornerMask (0.0.0.29):
    - SJUIKit/ObserverHelper
  - SJUIKit/Date (0.0.0.29)
  - SJUIKit/ObserverHelper (0.0.0.29)
  - SJUIKit/Other (0.0.0.29):
    - SJUIKit/Date
  - SJUIKit/Queues (0.0.0.29)
  - SJUIKit/Refresh (0.0.0.29):
    - MJRefresh
  - SJUIKit/Thread (0.0.0.29)
  - SJUIKit/UIMaker (0.0.0.29):
    - SJUIKit/UIMaker/Core (= 0.0.0.29)
  - SJUIKit/UIMaker/Core (0.0.0.29)
  - SJVideoPlayer (2.5.7):
    - Masonry
    - SJBaseVideoPlayer (>= 2.4.1)
    - SJUIKit/AttributesFactory
    - SJVideoPlayer/Adapters (= 2.5.7)
    - SJVideoPlayer/Common (= 2.5.7)
    - SJVideoPlayer/Settings (= 2.5.7)
    - SJVideoPlayer/SJEdgeControlLayer (= 2.5.7)
    - SJVideoPlayer/SJFilmEditingControlLayer (= 2.5.7)
    - SJVideoPlayer/SJLoadFailedControlLayer (= 2.5.7)
    - SJVideoPlayer/SJLoadingView (= 2.5.7)
    - SJVideoPlayer/SJMoreSettingControlLayer (= 2.5.7)
    - SJVideoPlayer/SJNotReachableControlLayer (= 2.5.7)
    - SJVideoPlayer/SJProgressSlider (= 2.5.7)
    - SJVideoPlayer/Switcher (= 2.5.7)
  - SJVideoPlayer/Adapters (2.5.7):
    - Masonry
    - SJBaseVideoPlayer (>= 2.4.1)
    - SJUIKit/AttributesFactory
    - SJVideoPlayer/Common
  - SJVideoPlayer/Common (2.5.7):
    - Masonry
    - SJBaseVideoPlayer (>= 2.4.1)
    - SJUIKit/AttributesFactory
  - SJVideoPlayer/Settings (2.5.7):
    - Masonry
    - SJBaseVideoPlayer (>= 2.4.1)
    - SJUIKit/AttributesFactory
    - SJVideoPlayer/SJEdgeControlLayer/ResourceLoader
    - SJVideoPlayer/SJFilmEditingControlLayer/ResourceLoader
  - SJVideoPlayer/SJEdgeControlLayer (2.5.7):
    - Masonry
    - SJBaseVideoPlayer (>= 2.4.1)
    - SJUIKit/AttributesFactory
    - SJVideoPlayer/Adapters
    - SJVideoPlayer/Common
    - SJVideoPlayer/SJEdgeControlLayer/ResourceLoader (= 2.5.7)
    - SJVideoPlayer/SJEdgeControlLayer/View (= 2.5.7)
    - SJVideoPlayer/SJLoadingView
    - SJVideoPlayer/SJProgressSlider
    - SJVideoPlayer/Switcher
  - SJVideoPlayer/SJEdgeControlLayer/ResourceLoader (2.5.7):
    - Masonry
    - SJBaseVideoPlayer (>= 2.4.1)
    - SJUIKit/AttributesFactory
    - SJVideoPlayer/Adapters
    - SJVideoPlayer/Common
    - SJVideoPlayer/SJLoadingView
    - SJVideoPlayer/SJProgressSlider
    - SJVideoPlayer/Switcher
  - SJVideoPlayer/SJEdgeControlLayer/View (2.5.7):
    - Masonry
    - SJBaseVideoPlayer (>= 2.4.1)
    - SJUIKit/AttributesFactory
    - SJVideoPlayer/Adapters
    - SJVideoPlayer/Common
    - SJVideoPlayer/SJEdgeControlLayer/ResourceLoader
    - SJVideoPlayer/SJLoadingView
    - SJVideoPlayer/SJProgressSlider
    - SJVideoPlayer/Switcher
  - SJVideoPlayer/SJFilmEditingControlLayer (2.5.7):
    - Masonry
    - SJBaseVideoPlayer (>= 2.4.1)
    - SJUIKit/AttributesFactory
    - SJVideoPlayer/Adapters
    - SJVideoPlayer/SJFilmEditingControlLayer/Core (= 2.5.7)
    - SJVideoPlayer/SJFilmEditingControlLayer/ResourceLoader (= 2.5.7)
    - SJVideoPlayer/SJProgressSlider
    - SJVideoPlayer/Switcher
  - SJVideoPlayer/SJFilmEditingControlLayer/Core (2.5.7):
    - Masonry
    - SJBaseVideoPlayer (>= 2.4.1)
    - SJUIKit/AttributesFactory
    - SJVideoPlayer/Adapters
    - SJVideoPlayer/SJFilmEditingControlLayer/ResourceLoader
    - SJVideoPlayer/SJProgressSlider
    - SJVideoPlayer/Switcher
  - SJVideoPlayer/SJFilmEditingControlLayer/ResourceLoader (2.5.7):
    - Masonry
    - SJBaseVideoPlayer (>= 2.4.1)
    - SJUIKit/AttributesFactory
    - SJVideoPlayer/Adapters
    - SJVideoPlayer/SJProgressSlider
    - SJVideoPlayer/Switcher
  - SJVideoPlayer/SJLoadFailedControlLayer (2.5.7):
    - Masonry
    - SJBaseVideoPlayer (>= 2.4.1)
    - SJUIKit/AttributesFactory
    - SJVideoPlayer/SJNotReachableControlLayer
  - SJVideoPlayer/SJLoadingView (2.5.7):
    - Masonry
    - SJBaseVideoPlayer (>= 2.4.1)
    - SJUIKit/AttributesFactory
  - SJVideoPlayer/SJMoreSettingControlLayer (2.5.7):
    - Masonry
    - SJBaseVideoPlayer (>= 2.4.1)
    - SJUIKit/AttributesFactory
    - SJVideoPlayer/SJEdgeControlLayer
    - SJVideoPlayer/SJMoreSettingControlLayer/Core (= 2.5.7)
  - SJVideoPlayer/SJMoreSettingControlLayer/Core (2.5.7):
    - Masonry
    - SJBaseVideoPlayer (>= 2.4.1)
    - SJUIKit/AttributesFactory
    - SJVideoPlayer/SJEdgeControlLayer
  - SJVideoPlayer/SJNotReachableControlLayer (2.5.7):
    - Masonry
    - SJBaseVideoPlayer (>= 2.4.1)
    - SJUIKit/AttributesFactory
    - SJVideoPlayer/SJEdgeControlLayer
  - SJVideoPlayer/SJProgressSlider (2.5.7):
    - Masonry
    - SJBaseVideoPlayer (>= 2.4.1)
    - SJUIKit/AttributesFactory
  - SJVideoPlayer/Switcher (2.5.7):
    - Masonry
    - SJBaseVideoPlayer (>= 2.4.1)
    - SJUIKit/AttributesFactory
  - XHLaunchAd (3.9.8):
    - FLAnimatedImage (~> 1.0.12)

DEPENDENCIES:
  - AFNetworking
  - Canvas
  - DZNEmptyDataSet
  - IQKeyboardManager
  - libOpenInstallSDK
  - Masonry
  - MBProgressHUD
  - MJExtension
  - MJRefresh
  - PYSearch
  - SDCycleScrollView
  - SDWebImage (~> 4.4.3)
  - SJBaseVideoPlayer (from `https://gitee.com/changsanjiang/SJBaseVideoPlayer.git`)
  - SJUIKit (from `https://gitee.com/changsanjiang/SJUIKit.git`)
  - SJVideoPlayer (from `https://gitee.com/changsanjiang/SJVideoPlayer.git`)
  - XHLaunchAd

SPEC REPOS:
  https://github.com/cocoapods/specs.git:
    - AFNetworking
    - Canvas
    - DZNEmptyDataSet
    - FLAnimatedImage
    - IQKeyboardManager
    - libOpenInstallSDK
    - Masonry
    - MBProgressHUD
    - MJExtension
    - MJRefresh
    - PYSearch
    - Reachability
    - SDCycleScrollView
    - SDWebImage
    - XHLaunchAd

EXTERNAL SOURCES:
  SJBaseVideoPlayer:
    :git: https://gitee.com/changsanjiang/SJBaseVideoPlayer.git
  SJUIKit:
    :git: https://gitee.com/changsanjiang/SJUIKit.git
  SJVideoPlayer:
    :git: https://gitee.com/changsanjiang/SJVideoPlayer.git

CHECKOUT OPTIONS:
  SJBaseVideoPlayer:
    :commit: 506805d97c8d8a5bec9fc6919ed6db85984a710c
    :git: https://gitee.com/changsanjiang/SJBaseVideoPlayer.git
  SJUIKit:
    :commit: 75298b9c9b16dab4c3afe9e5084c898b42fd34fb
    :git: https://gitee.com/changsanjiang/SJUIKit.git
  SJVideoPlayer:
    :commit: b395ab494ff937f349b0d7fd6865f72b02f3171d
    :git: https://gitee.com/changsanjiang/SJVideoPlayer.git

SPEC CHECKSUMS:
  AFNetworking: b6f891fdfaed196b46c7a83cf209e09697b94057
  Canvas: eb861e3b555d032648146c8ffda1a5dea40059ca
  DZNEmptyDataSet: 9525833b9e68ac21c30253e1d3d7076cc828eaa7
  FLAnimatedImage: 4a0b56255d9b05f18b6dd7ee06871be5d3b89e31
  IQKeyboardManager: 964638372b4a61892cc74fdfa6fd26de8c9464a2
  libOpenInstallSDK: b2ceca6cd23c8497471b35917aed0ecb3c834ccc
  Masonry: 678fab65091a9290e40e2832a55e7ab731aad201
  MBProgressHUD: e7baa36a220447d8aeb12769bf0585582f3866d9
  MJExtension: 54dbbf6ee728f1a88e9aad904353d007831c7847
  MJRefresh: 7798e16e53a5ef7f332dd05b27664db4e29530fd
  PYSearch: 76dee18eea3309b60921a5d6a69390a63a5dda15
  Reachability: 33e18b67625424e47b6cde6d202dce689ad7af96
  SDCycleScrollView: 884b88f0266dd4708a0e1934975c69cb971707b1
  SDWebImage: 3f3f0c02f09798048c47a5ed0a13f17b063572d8
  SJBaseVideoPlayer: 86f0828a107b2614aff30d7f6a349733c097b1ab
  SJUIKit: 890a1a8cb536485dde8bf0c09876f3d8a63fb1eb
  SJVideoPlayer: 9f819f56c17b0f5520a24fb2caffd06bac893343
  XHLaunchAd: 45048592af01aa501c9d2d0c45e95ca74c4d0596

PODFILE CHECKSUM: 8971a1d1e005c978db0cbee49c43295db96ead0d

COCOAPODS: 1.5.3
